<Solution>
  <Folder Name="/Tests/">
    <Project Path="TechnicalTest.Infrastructure.Test/TechnicalTest.Infrastructure.Persistence.Test.csproj" Id="51022b4d-c1be-4e69-9c74-288f4bc7efe7" />
  </Folder>
  <Project Path="TechnicalTest.Api/TechnicalTest.Api.csproj" />
  <Project Path="TechnicalTest.Application/TechnicalTest.Application.csproj" Id="cc97c51a-a5e0-4eb6-98ba-d946158d8b64" />
  <Project Path="TechnicalTest.Domain/TechnicalTest.Domain.csproj" Id="8ee8ee65-d672-45f6-8200-636d049b2263" />
  <Project Path="TechnicalTest.Infrastructure/TechnicalTest.Infrastructure.Persistence.csproj" Id="8498ee97-d1d5-4084-ad91-f828678c2889" />
</Solution>
